
Microsoft Visual Studio Solution File, Format Version 12.00
# Visual Studio Version 16
VisualStudioVersion = 16.0.31911.196
MinimumVisualStudioVersion = 10.0.40219.1
Project("{FAE04EC0-301F-11D3-BF4B-00C04F79EFBC}") = "odevdeneme", "odevdeneme\odevdeneme.csproj", "{4A1F4C05-DFD0-4E50-AE23-5EF520B4DB90}"
EndProject
Project("{9A19103F-16F7-4668-BE54-9A1E7A4F7556}") = "MLModel1_ConsoleApp", "MLModel1_ConsoleApp\MLModel1_ConsoleApp.csproj", "{EE08E774-867E-40AC-A84B-42BDBFA85078}"
EndProject
Global
	GlobalSection(SolutionConfigurationPlatforms) = preSolution
		Debug|Any CPU = Debug|Any CPU
		Release|Any CPU = Release|Any CPU
	EndGlobalSection
	GlobalSection(ProjectConfigurationPlatforms) = postSolution
		{4A1F4C05-DFD0-4E50-AE23-5EF520B4DB90}.Debug|Any CPU.ActiveCfg = Debug|Any CPU
		{4A1F4C05-DFD0-4E50-AE23-5EF520B4DB90}.Debug|Any CPU.Build.0 = Debug|Any CPU
		{4A1F4C05-DFD0-4E50-AE23-5EF520B4DB90}.Release|Any CPU.ActiveCfg = Release|Any CPU
		{4A1F4C05-DFD0-4E50-AE23-5EF520B4DB90}.Release|Any CPU.Build.0 = Release|Any CPU
		{EE08E774-867E-40AC-A84B-42BDBFA85078}.Debug|Any CPU.ActiveCfg = Debug|Any CPU
		{EE08E774-867E-40AC-A84B-42BDBFA85078}.Debug|Any CPU.Build.0 = Debug|Any CPU
		{EE08E774-867E-40AC-A84B-42BDBFA85078}.Release|Any CPU.ActiveCfg = Release|Any CPU
		{EE08E774-867E-40AC-A84B-42BDBFA85078}.Release|Any CPU.Build.0 = Release|Any CPU
	EndGlobalSection
	GlobalSection(SolutionProperties) = preSolution
		HideSolutionNode = FALSE
	EndGlobalSection
	GlobalSection(ExtensibilityGlobals) = postSolution
		SolutionGuid = {299E91CE-F62C-4AAD-A1DF-F851E1E21A00}
	EndGlobalSection
EndGlobal
